// !$*UTF8*$!
{
	archiveVersion = 1;
	classes = {
	};
	objectVersion = 50;
	objects = {

/* Begin PBXBuildFile section */
		84248EF124F77B38007E6F3E /* AppDelegate.swift in Sources */ = {isa = PBXBuildFile; fileRef = 84248EF024F77B38007E6F3E /* AppDelegate.swift */; };
		84248EF524F77B38007E6F3E /* HomeViewController.swift in Sources */ = {isa = PBXBuildFile; fileRef = 84248EF424F77B38007E6F3E /* HomeViewController.swift */; };
		84248EF824F77B38007E6F3E /* Main.storyboard in Resources */ = {isa = PBXBuildFile; fileRef = 84248EF624F77B38007E6F3E /* Main.storyboard */; };
		84248EFA24F77B3A007E6F3E /* Assets.xcassets in Resources */ = {isa = PBXBuildFile; fileRef = 84248EF924F77B3A007E6F3E /* Assets.xcassets */; };
		84248EFD24F77B3A007E6F3E /* LaunchScreen.storyboard in Resources */ = {isa = PBXBuildFile; fileRef = 84248EFB24F77B3A007E6F3E /* LaunchScreen.storyboard */; };
		843611D124F89F9400193F71 /* AlbumTableViewCell.swift in Sources */ = {isa = PBXBuildFile; fileRef = 843611CF24F89F9400193F71 /* AlbumTableViewCell.swift */; };
		843611D224F89F9400193F71 /* AlbumTableViewCell.xib in Resources */ = {isa = PBXBuildFile; fileRef = 843611D024F89F9400193F71 /* AlbumTableViewCell.xib */; };
		843611D524F8A1FD00193F71 /* AlbumCollectionViewCell.swift in Sources */ = {isa = PBXBuildFile; fileRef = 843611D324F8A1FD00193F71 /* AlbumCollectionViewCell.swift */; };
		843611D624F8A1FD00193F71 /* AlbumCollectionViewCell.xib in Resources */ = {isa = PBXBuildFile; fileRef = 843611D424F8A1FD00193F71 /* AlbumCollectionViewCell.xib */; };
		843611D924F8DA4A00193F71 /* ArtistCollectionViewCell.swift in Sources */ = {isa = PBXBuildFile; fileRef = 843611D724F8DA4900193F71 /* ArtistCollectionViewCell.swift */; };
		843611DA24F8DA4A00193F71 /* ArtistCollectionViewCell.xib in Resources */ = {isa = PBXBuildFile; fileRef = 843611D824F8DA4A00193F71 /* ArtistCollectionViewCell.xib */; };
		843611DD24F8DB9B00193F71 /* ArtistTableViewCell.swift in Sources */ = {isa = PBXBuildFile; fileRef = 843611DB24F8DB9B00193F71 /* ArtistTableViewCell.swift */; };
		843611DE24F8DB9B00193F71 /* ArtistTableViewCell.xib in Resources */ = {isa = PBXBuildFile; fileRef = 843611DC24F8DB9B00193F71 /* ArtistTableViewCell.xib */; };
		843611E724F8F27700193F71 /* Topic.swift in Sources */ = {isa = PBXBuildFile; fileRef = 843611E624F8F27700193F71 /* Topic.swift */; };
		843611E924F8F2DE00193F71 /* Cell.swift in Sources */ = {isa = PBXBuildFile; fileRef = 843611E824F8F2DE00193F71 /* Cell.swift */; };
		844BC7A924FB924500BE4586 /* DataHelper.swift in Sources */ = {isa = PBXBuildFile; fileRef = 844BC7A824FB924500BE4586 /* DataHelper.swift */; };
		844BC7AB24FBC83E00BE4586 /* Formatter.swift in Sources */ = {isa = PBXBuildFile; fileRef = 844BC7AA24FBC83E00BE4586 /* Formatter.swift */; };
/* End PBXBuildFile section */

/* Begin PBXFileReference section */
		84248EED24F77B38007E6F3E /* DemoItune.app */ = {isa = PBXFileReference; explicitFileType = wrapper.application; includeInIndex = 0; path = DemoItune.app; sourceTree = BUILT_PRODUCTS_DIR; };
		84248EF024F77B38007E6F3E /* AppDelegate.swift */ = {isa = PBXFileReference; lastKnownFileType = sourcecode.swift; path = AppDelegate.swift; sourceTree = "<group>"; };
		84248EF424F77B38007E6F3E /* HomeViewController.swift */ = {isa = PBXFileReference; lastKnownFileType = sourcecode.swift; path = HomeViewController.swift; sourceTree = "<group>"; };
		84248EF724F77B38007E6F3E /* Base */ = {isa = PBXFileReference; lastKnownFileType = file.storyboard; name = Base; path = Base.lproj/Main.storyboard; sourceTree = "<group>"; };
		84248EF924F77B3A007E6F3E /* Assets.xcassets */ = {isa = PBXFileReference; lastKnownFileType = folder.assetcatalog; path = Assets.xcassets; sourceTree = "<group>"; };
		84248EFC24F77B3A007E6F3E /* Base */ = {isa = PBXFileReference; lastKnownFileType = file.storyboard; name = Base; path = Base.lproj/LaunchScreen.storyboard; sourceTree = "<group>"; };
		84248EFE24F77B3A007E6F3E /* Info.plist */ = {isa = PBXFileReference; lastKnownFileType = text.plist.xml; path = Info.plist; sourceTree = "<group>"; };
		843611CF24F89F9400193F71 /* AlbumTableViewCell.swift */ = {isa = PBXFileReference; lastKnownFileType = sourcecode.swift; path = AlbumTableViewCell.swift; sourceTree = "<group>"; };
		843611D024F89F9400193F71 /* AlbumTableViewCell.xib */ = {isa = PBXFileReference; lastKnownFileType = file.xib; path = AlbumTableViewCell.xib; sourceTree = "<group>"; };
		843611D324F8A1FD00193F71 /* AlbumCollectionViewCell.swift */ = {isa = PBXFileReference; lastKnownFileType = sourcecode.swift; path = AlbumCollectionViewCell.swift; sourceTree = "<group>"; };
		843611D424F8A1FD00193F71 /* AlbumCollectionViewCell.xib */ = {isa = PBXFileReference; lastKnownFileType = file.xib; path = AlbumCollectionViewCell.xib; sourceTree = "<group>"; };
		843611D724F8DA4900193F71 /* ArtistCollectionViewCell.swift */ = {isa = PBXFileReference; lastKnownFileType = sourcecode.swift; path = ArtistCollectionViewCell.swift; sourceTree = "<group>"; };
		843611D824F8DA4A00193F71 /* ArtistCollectionViewCell.xib */ = {isa = PBXFileReference; lastKnownFileType = file.xib; path = ArtistCollectionViewCell.xib; sourceTree = "<group>"; };
		843611DB24F8DB9B00193F71 /* ArtistTableViewCell.swift */ = {isa = PBXFileReference; lastKnownFileType = sourcecode.swift; path = ArtistTableViewCell.swift; sourceTree = "<group>"; };
		843611DC24F8DB9B00193F71 /* ArtistTableViewCell.xib */ = {isa = PBXFileReference; lastKnownFileType = file.xib; path = ArtistTableViewCell.xib; sourceTree = "<group>"; };
		843611E624F8F27700193F71 /* Topic.swift */ = {isa = PBXFileReference; lastKnownFileType = sourcecode.swift; path = Topic.swift; sourceTree = "<group>"; };
		843611E824F8F2DE00193F71 /* Cell.swift */ = {isa = PBXFileReference; lastKnownFileType = sourcecode.swift; path = Cell.swift; sourceTree = "<group>"; };
		844BC7A824FB924500BE4586 /* DataHelper.swift */ = {isa = PBXFileReference; lastKnownFileType = sourcecode.swift; path = DataHelper.swift; sourceTree = "<group>"; };
		844BC7AA24FBC83E00BE4586 /* Formatter.swift */ = {isa = PBXFileReference; lastKnownFileType = sourcecode.swift; path = Formatter.swift; sourceTree = "<group>"; };
/* End PBXFileReference section */

/* Begin PBXFrameworksBuildPhase section */
		84248EEA24F77B38007E6F3E /* Frameworks */ = {
			isa = PBXFrameworksBuildPhase;
			buildActionMask = 2147483647;
			files = (
			);
			runOnlyForDeploymentPostprocessing = 0;
		};
/* End PBXFrameworksBuildPhase section */

/* Begin PBXGroup section */
		84248EE424F77B38007E6F3E = {
			isa = PBXGroup;
			children = (
				84248EEF24F77B38007E6F3E /* DemoItune */,
				84248EEE24F77B38007E6F3E /* Products */,
			);
			sourceTree = "<group>";
		};
		84248EEE24F77B38007E6F3E /* Products */ = {
			isa = PBXGroup;
			children = (
				84248EED24F77B38007E6F3E /* DemoItune.app */,
			);
			name = Products;
			sourceTree = "<group>";
		};
		84248EEF24F77B38007E6F3E /* DemoItune */ = {
			isa = PBXGroup;
			children = (
				843611E024F8DCE000193F71 /* Ultilties */,
				843611DF24F8DCBA00193F71 /* Models */,
				843611E224F8DD0600193F71 /* ViewControllers */,
				843611E324F8DD3F00193F71 /* Views */,
				84248EF024F77B38007E6F3E /* AppDelegate.swift */,
				84248EF624F77B38007E6F3E /* Main.storyboard */,
				84248EF924F77B3A007E6F3E /* Assets.xcassets */,
				84248EFB24F77B3A007E6F3E /* LaunchScreen.storyboard */,
				84248EFE24F77B3A007E6F3E /* Info.plist */,
			);
			path = DemoItune;
			sourceTree = "<group>";
		};
		843611DF24F8DCBA00193F71 /* Models */ = {
			isa = PBXGroup;
			children = (
				843611E624F8F27700193F71 /* Topic.swift */,
				843611E824F8F2DE00193F71 /* Cell.swift */,
			);
			path = Models;
			sourceTree = "<group>";
		};
		843611E024F8DCE000193F71 /* Ultilties */ = {
			isa = PBXGroup;
			children = (
				843611E124F8DCED00193F71 /* Helper */,
			);
			path = Ultilties;
			sourceTree = "<group>";
		};
		843611E124F8DCED00193F71 /* Helper */ = {
			isa = PBXGroup;
			children = (
				844BC7A824FB924500BE4586 /* DataHelper.swift */,
				844BC7AA24FBC83E00BE4586 /* Formatter.swift */,
			);
			path = Helper;
			sourceTree = "<group>";
		};
		843611E224F8DD0600193F71 /* ViewControllers */ = {
			isa = PBXGroup;
			children = (
				84248EF424F77B38007E6F3E /* HomeViewController.swift */,
			);
			path = ViewControllers;
			sourceTree = "<group>";
		};
		843611E324F8DD3F00193F71 /* Views */ = {
			isa = PBXGroup;
			children = (
				843611E424F8DD7000193F71 /* Album */,
				843611E524F8DD7C00193F71 /* Artist */,
			);
			path = Views;
			sourceTree = "<group>";
		};
		843611E424F8DD7000193F71 /* Album */ = {
			isa = PBXGroup;
			children = (
				843611CF24F89F9400193F71 /* AlbumTableViewCell.swift */,
				843611D024F89F9400193F71 /* AlbumTableViewCell.xib */,
				843611D324F8A1FD00193F71 /* AlbumCollectionViewCell.swift */,
				843611D424F8A1FD00193F71 /* AlbumCollectionViewCell.xib */,
			);
			path = Album;
			sourceTree = "<group>";
		};
		843611E524F8DD7C00193F71 /* Artist */ = {
			isa = PBXGroup;
			children = (
				843611DB24F8DB9B00193F71 /* ArtistTableViewCell.swift */,
				843611DC24F8DB9B00193F71 /* ArtistTableViewCell.xib */,
				843611D724F8DA4900193F71 /* ArtistCollectionViewCell.swift */,
				843611D824F8DA4A00193F71 /* ArtistCollectionViewCell.xib */,
			);
			path = Artist;
			sourceTree = "<group>";
		};
/* End PBXGroup section */

/* Begin PBXNativeTarget section */
		84248EEC24F77B38007E6F3E /* DemoItune */ = {
			isa = PBXNativeTarget;
			buildConfigurationList = 84248F0124F77B3A007E6F3E /* Build configuration list for PBXNativeTarget "DemoItune" */;
			buildPhases = (
				84248EE924F77B38007E6F3E /* Sources */,
				84248EEA24F77B38007E6F3E /* Frameworks */,
				84248EEB24F77B38007E6F3E /* Resources */,
			);
			buildRules = (
			);
			dependencies = (
			);
			name = DemoItune;
			productName = DemoItune;
			productReference = 84248EED24F77B38007E6F3E /* DemoItune.app */;
			productType = "com.apple.product-type.application";
		};
/* End PBXNativeTarget section */

/* Begin PBXProject section */
		84248EE524F77B38007E6F3E /* Project object */ = {
			isa = PBXProject;
			attributes = {
				LastSwiftUpdateCheck = 1160;
				LastUpgradeCheck = 1160;
				ORGANIZATIONNAME = quannh;
				TargetAttributes = {
					84248EEC24F77B38007E6F3E = {
						CreatedOnToolsVersion = 11.6;
					};
				};
			};
			buildConfigurationList = 84248EE824F77B38007E6F3E /* Build configuration list for PBXProject "DemoItune" */;
			compatibilityVersion = "Xcode 9.3";
			developmentRegion = en;
			hasScannedForEncodings = 0;
			knownRegions = (
				en,
				Base,
			);
			mainGroup = 84248EE424F77B38007E6F3E;
			productRefGroup = 84248EEE24F77B38007E6F3E /* Products */;
			projectDirPath = "";
			projectRoot = "";
			targets = (
				84248EEC24F77B38007E6F3E /* DemoItune */,
			);
		};
/* End PBXProject section */

/* Begin PBXResourcesBuildPhase section */
		84248EEB24F77B38007E6F3E /* Resources */ = {
			isa = PBXResourcesBuildPhase;
			buildActionMask = 2147483647;
			files = (
				84248EFD24F77B3A007E6F3E /* LaunchScreen.storyboard in Resources */,
				843611DE24F8DB9B00193F71 /* ArtistTableViewCell.xib in Resources */,
				843611D224F89F9400193F71 /* AlbumTableViewCell.xib in Resources */,
				843611D624F8A1FD00193F71 /* AlbumCollectionViewCell.xib in Resources */,
				843611DA24F8DA4A00193F71 /* ArtistCollectionViewCell.xib in Resources */,
				84248EFA24F77B3A007E6F3E /* Assets.xcassets in Resources */,
				84248EF824F77B38007E6F3E /* Main.storyboard in Resources */,
			);
			runOnlyForDeploymentPostprocessing = 0;
		};
/* End PBXResourcesBuildPhase section */

/* Begin PBXSourcesBuildPhase section */
		84248EE924F77B38007E6F3E /* Sources */ = {
			isa = PBXSourcesBuildPhase;
			buildActionMask = 2147483647;
			files = (
				844BC7A924FB924500BE4586 /* DataHelper.swift in Sources */,
				843611D524F8A1FD00193F71 /* AlbumCollectionViewCell.swift in Sources */,
				844BC7AB24FBC83E00BE4586 /* Formatter.swift in Sources */,
				84248EF524F77B38007E6F3E /* HomeViewController.swift in Sources */,
				843611D124F89F9400193F71 /* AlbumTableViewCell.swift in Sources */,
				843611D924F8DA4A00193F71 /* ArtistCollectionViewCell.swift in Sources */,
				843611DD24F8DB9B00193F71 /* ArtistTableViewCell.swift in Sources */,
				843611E924F8F2DE00193F71 /* Cell.swift in Sources */,
				84248EF124F77B38007E6F3E /* AppDelegate.swift in Sources */,
				843611E724F8F27700193F71 /* Topic.swift in Sources */,
			);
			runOnlyForDeploymentPostprocessing = 0;
		};
/* End PBXSourcesBuildPhase section */

/* Begin PBXVariantGroup section */
		84248EF624F77B38007E6F3E /* Main.storyboard */ = {
			isa = PBXVariantGroup;
			children = (
				84248EF724F77B38007E6F3E /* Base */,
			);
			name = Main.storyboard;
			sourceTree = "<group>";
		};
		84248EFB24F77B3A007E6F3E /* LaunchScreen.storyboard */ = {
			isa = PBXVariantGroup;
			children = (
				84248EFC24F77B3A007E6F3E /* Base */,
			);
			name = LaunchScreen.storyboard;
			sourceTree = "<group>";
		};
/* End PBXVariantGroup section */

/* Begin XCBuildConfiguration section */
		84248EFF24F77B3A007E6F3E /* Debug */ = {
			isa = XCBuildConfiguration;
			buildSettings = {
				ALWAYS_SEARCH_USER_PATHS = NO;
				CLANG_ANALYZER_NONNULL = YES;
				CLANG_ANALYZER_NUMBER_OBJECT_CONVERSION = YES_AGGRESSIVE;
				CLANG_CXX_LANGUAGE_STANDARD = "gnu++14";
				CLANG_CXX_LIBRARY = "libc++";
				CLANG_ENABLE_MODULES = YES;
				CLANG_ENABLE_OBJC_ARC = YES;
				CLANG_ENABLE_OBJC_WEAK = YES;
				CLANG_WARN_BLOCK_CAPTURE_AUTORELEASING = YES;
				CLANG_WARN_BOOL_CONVERSION = YES;
				CLANG_WARN_COMMA = YES;
				CLANG_WARN_CONSTANT_CONVERSION = YES;
				CLANG_WARN_DEPRECATED_OBJC_IMPLEMENTATIONS = YES;
				CLANG_WARN_DIRECT_OBJC_ISA_USAGE = YES_ERROR;
				CLANG_WARN_DOCUMENTATION_COMMENTS = YES;
				CLANG_WARN_EMPTY_BODY = YES;
				CLANG_WARN_ENUM_CONVERSION = YES;
				CLANG_WARN_INFINITE_RECURSION = YES;
				CLANG_WARN_INT_CONVERSION = YES;
				CLANG_WARN_NON_LITERAL_NULL_CONVERSION = YES;
				CLANG_WARN_OBJC_IMPLICIT_RETAIN_SELF = YES;
				CLANG_WARN_OBJC_LITERAL_CONVERSION = YES;
				CLANG_WARN_OBJC_ROOT_CLASS = YES_ERROR;
				CLANG_WARN_RANGE_LOOP_ANALYSIS = YES;
				CLANG_WARN_STRICT_PROTOTYPES = YES;
				CLANG_WARN_SUSPICIOUS_MOVE = YES;
				CLANG_WARN_UNGUARDED_AVAILABILITY = YES_AGGRESSIVE;
				CLANG_WARN_UNREACHABLE_CODE = YES;
				CLANG_WARN__DUPLICATE_METHOD_MATCH = YES;
				COPY_PHASE_STRIP = NO;
				DEBUG_INFORMATION_FORMAT = dwarf;
				ENABLE_STRICT_OBJC_MSGSEND = YES;
				ENABLE_TESTABILITY = YES;
				GCC_C_LANGUAGE_STANDARD = gnu11;
				GCC_DYNAMIC_NO_PIC = NO;
				GCC_NO_COMMON_BLOCKS = YES;
				GCC_OPTIMIZATION_LEVEL = 0;
				GCC_PREPROCESSOR_DEFINITIONS = (
					"DEBUG=1",
					"$(inherited)",
				);
				GCC_WARN_64_TO_32_BIT_CONVERSION = YES;
				GCC_WARN_ABOUT_RETURN_TYPE = YES_ERROR;
				GCC_WARN_UNDECLARED_SELECTOR = YES;
				GCC_WARN_UNINITIALIZED_AUTOS = YES_AGGRESSIVE;
				GCC_WARN_UNUSED_FUNCTION = YES;
				GCC_WARN_UNUSED_VARIABLE = YES;
				IPHONEOS_DEPLOYMENT_TARGET = 13.6;
				MTL_ENABLE_DEBUG_INFO = INCLUDE_SOURCE;
				MTL_FAST_MATH = YES;
				ONLY_ACTIVE_ARCH = YES;
				SDKROOT = iphoneos;
				SWIFT_ACTIVE_COMPILATION_CONDITIONS = DEBUG;
				SWIFT_OPTIMIZATION_LEVEL = "-Onone";
			};
			name = Debug;
		};
		84248F0024F77B3A007E6F3E /* Release */ = {
			isa = XCBuildConfiguration;
			buildSettings = {
				ALWAYS_SEARCH_USER_PATHS = NO;
				CLANG_ANALYZER_NONNULL = YES;
				CLANG_ANALYZER_NUMBER_OBJECT_CONVERSION = YES_AGGRESSIVE;
				CLANG_CXX_LANGUAGE_STANDARD = "gnu++14";
				CLANG_CXX_LIBRARY = "libc++";
				CLANG_ENABLE_MODULES = YES;
				CLANG_ENABLE_OBJC_ARC = YES;
				CLANG_ENABLE_OBJC_WEAK = YES;
				CLANG_WARN_BLOCK_CAPTURE_AUTORELEASING = YES;
				CLANG_WARN_BOOL_CONVERSION = YES;
				CLANG_WARN_COMMA = YES;
				CLANG_WARN_CONSTANT_CONVERSION = YES;
				CLANG_WARN_DEPRECATED_OBJC_IMPLEMENTATIONS = YES;
				CLANG_WARN_DIRECT_OBJC_ISA_USAGE = YES_ERROR;
				CLANG_WARN_DOCUMENTATION_COMMENTS = YES;
				CLANG_WARN_EMPTY_BODY = YES;
				CLANG_WARN_ENUM_CONVERSION = YES;
				CLANG_WARN_INFINITE_RECURSION = YES;
				CLANG_WARN_INT_CONVERSION = YES;
				CLANG_WARN_NON_LITERAL_NULL_CONVERSION = YES;
				CLANG_WARN_OBJC_IMPLICIT_RETAIN_SELF = YES;
				CLANG_WARN_OBJC_LITERAL_CONVERSION = YES;
				CLANG_WARN_OBJC_ROOT_CLASS = YES_ERROR;
				CLANG_WARN_RANGE_LOOP_ANALYSIS = YES;
				CLANG_WARN_STRICT_PROTOTYPES = YES;
				CLANG_WARN_SUSPICIOUS_MOVE = YES;
				CLANG_WARN_UNGUARDED_AVAILABILITY = YES_AGGRESSIVE;
				CLANG_WARN_UNREACHABLE_CODE = YES;
				CLANG_WARN__DUPLICATE_METHOD_MATCH = YES;
				COPY_PHASE_STRIP = NO;
				DEBUG_INFORMATION_FORMAT = "dwarf-with-dsym";
				ENABLE_NS_ASSERTIONS = NO;
				ENABLE_STRICT_OBJC_MSGSEND = YES;
				GCC_C_LANGUAGE_STANDARD = gnu11;
				GCC_NO_COMMON_BLOCKS = YES;
				GCC_WARN_64_TO_32_BIT_CONVERSION = YES;
				GCC_WARN_ABOUT_RETURN_TYPE = YES_ERROR;
				GCC_WARN_UNDECLARED_SELECTOR = YES;
				GCC_WARN_UNINITIALIZED_AUTOS = YES_AGGRESSIVE;
				GCC_WARN_UNUSED_FUNCTION = YES;
				GCC_WARN_UNUSED_VARIABLE = YES;
				IPHONEOS_DEPLOYMENT_TARGET = 13.6;
				MTL_ENABLE_DEBUG_INFO = NO;
				MTL_FAST_MATH = YES;
				SDKROOT = iphoneos;
				SWIFT_COMPILATION_MODE = wholemodule;
				SWIFT_OPTIMIZATION_LEVEL = "-O";
				VALIDATE_PRODUCT = YES;
			};
			name = Release;
		};
		84248F0224F77B3A007E6F3E /* Debug */ = {
			isa = XCBuildConfiguration;
			buildSettings = {
				ASSETCATALOG_COMPILER_APPICON_NAME = AppIcon;
				CODE_SIGN_STYLE = Automatic;
				DEVELOPMENT_TEAM = 6A5Q78PXHC;
				INFOPLIST_FILE = DemoItune/Info.plist;
				IPHONEOS_DEPLOYMENT_TARGET = 11.0;
				LD_RUNPATH_SEARCH_PATHS = (
					"$(inherited)",
					"@executable_path/Frameworks",
				);
				PRODUCT_BUNDLE_IDENTIFIER = com.macos.DemoItune;
				PRODUCT_NAME = "$(TARGET_NAME)";
				SWIFT_VERSION = 5.0;
				TARGETED_DEVICE_FAMILY = "1,2";
			};
			name = Debug;
		};
		84248F0324F77B3A007E6F3E /* Release */ = {
			isa = XCBuildConfiguration;
			buildSettings = {
				ASSETCATALOG_COMPILER_APPICON_NAME = AppIcon;
				CODE_SIGN_STYLE = Automatic;
				DEVELOPMENT_TEAM = 6A5Q78PXHC;
				INFOPLIST_FILE = DemoItune/Info.plist;
				IPHONEOS_DEPLOYMENT_TARGET = 11.0;
				LD_RUNPATH_SEARCH_PATHS = (
					"$(inherited)",
					"@executable_path/Frameworks",
				);
				PRODUCT_BUNDLE_IDENTIFIER = com.macos.DemoItune;
				PRODUCT_NAME = "$(TARGET_NAME)";
				SWIFT_VERSION = 5.0;
				TARGETED_DEVICE_FAMILY = "1,2";
			};
			name = Release;
		};
/* End XCBuildConfiguration section */

/* Begin XCConfigurationList section */
		84248EE824F77B38007E6F3E /* Build configuration list for PBXProject "DemoItune" */ = {
			isa = XCConfigurationList;
			buildConfigurations = (
				84248EFF24F77B3A007E6F3E /* Debug */,
				84248F0024F77B3A007E6F3E /* Release */,
			);
			defaultConfigurationIsVisible = 0;
			defaultConfigurationName = Release;
		};
		84248F0124F77B3A007E6F3E /* Build configuration list for PBXNativeTarget "DemoItune" */ = {
			isa = XCConfigurationList;
			buildConfigurations = (
				84248F0224F77B3A007E6F3E /* Debug */,
				84248F0324F77B3A007E6F3E /* Release */,
			);
			defaultConfigurationIsVisible = 0;
			defaultConfigurationName = Release;
		};
/* End XCConfigurationList section */
	};
	rootObject = 84248EE524F77B38007E6F3E /* Project object */;
}
